{
  "name": "epfl-elements",
  "version": "0.0.0",
  "lockfileVersion": 1,
  "requires": true,
  "dependencies": {
    "dom7": {
      "version": "2.0.1",
      "resolved": "https://registry.npmjs.org/dom7/-/dom7-2.0.1.tgz",
      "integrity": "sha512-JwxgbCMasGW7pthSc0qRufkuZ6RAw9vZ66GSkcq2e+zpjFIGfXFMABdXpXrnItAQGd4zfj8vOfTI8wbZD1uSrQ=="
    },
    "swiper": {
      "version": "4.1.0",
      "resolved": "https://registry.npmjs.org/swiper/-/swiper-4.1.0.tgz",
      "integrity": "sha512-Qoj+zQOuC0KIkgNkjynV3yp8lqEF9o8gzTy6/Zt1KcVgxl8hDNtSjGw8zObOIJF5/uGatobNd7ssBeMVzKzy1w==",
      "requires": {
        "dom7": "2.0.1"
      }
    }
  }
}
